
Microsoft Visual Studio Solution File, Format Version 10.00
# Visual Studio 2008
Project("{FAE04EC0-301F-11D3-BF4B-00C04F79EFBC}") = "SPSProfessional.SharePoint.Framework", "SPSProfessional.SharePoint.Framework\SPSProfessional.SharePoint.Framework.csproj", "{7018F40A-262B-4606-A3B5-FE6B27D25574}"
EndProject
Project("{FAE04EC0-301F-11D3-BF4B-00C04F79EFBC}") = "SPSProfessional.SharePoint.Framework.Tests", "SPSProfessional.SharePoint.Framework.Tests\SPSProfessional.SharePoint.Framework.Tests.csproj", "{0E30394C-5787-49BD-A6F3-2590052A193F}"
EndProject
Global
	GlobalSection(SolutionConfigurationPlatforms) = preSolution
		Debug|Any CPU = Debug|Any CPU
		Release|Any CPU = Release|Any CPU
	EndGlobalSection
	GlobalSection(ProjectConfigurationPlatforms) = postSolution
		{7018F40A-262B-4606-A3B5-FE6B27D25574}.Debug|Any CPU.ActiveCfg = Debug|Any CPU
		{7018F40A-262B-4606-A3B5-FE6B27D25574}.Debug|Any CPU.Build.0 = Debug|Any CPU
		{7018F40A-262B-4606-A3B5-FE6B27D25574}.Release|Any CPU.ActiveCfg = Release|Any CPU
		{7018F40A-262B-4606-A3B5-FE6B27D25574}.Release|Any CPU.Build.0 = Release|Any CPU
		{0E30394C-5787-49BD-A6F3-2590052A193F}.Debug|Any CPU.ActiveCfg = Debug|Any CPU
		{0E30394C-5787-49BD-A6F3-2590052A193F}.Debug|Any CPU.Build.0 = Debug|Any CPU
		{0E30394C-5787-49BD-A6F3-2590052A193F}.Release|Any CPU.ActiveCfg = Release|Any CPU
		{0E30394C-5787-49BD-A6F3-2590052A193F}.Release|Any CPU.Build.0 = Release|Any CPU
	EndGlobalSection
	GlobalSection(SolutionProperties) = preSolution
		HideSolutionNode = FALSE
	EndGlobalSection
	GlobalSection(ExtensibilityGlobals) = postSolution
		VisualSVNWorkingCopyRoot = 
	EndGlobalSection
EndGlobal
